// !$*UTF8*$!
{
	archiveVersion = 1;
	classes = {
	};
	objectVersion = 50;
	objects = {

/* Begin PBXBuildFile section */
		2729D42420ECE7C100F0BE4C /* Assets.xcassets in Resources */ = {isa = PBXBuildFile; fileRef = 2729D42320ECE7C100F0BE4C /* Assets.xcassets */; };
		2729D42720ECF00200F0BE4C /* Video.swift in Sources */ = {isa = PBXBuildFile; fileRef = 2729D42620ECF00200F0BE4C /* Video.swift */; };
		2729D42920ECF48800F0BE4C /* Channel.swift in Sources */ = {isa = PBXBuildFile; fileRef = 2729D42820ECF48800F0BE4C /* Channel.swift */; };
		2729D42B20EE3FDB00F0BE4C /* SettingsLauncher.swift in Sources */ = {isa = PBXBuildFile; fileRef = 2729D42A20EE3FDB00F0BE4C /* SettingsLauncher.swift */; };
		2739011320EFEED300348362 /* SettingsCell.swift in Sources */ = {isa = PBXBuildFile; fileRef = 2739011220EFEED300348362 /* SettingsCell.swift */; };
		2739011620F27ACA00348362 /* ApiService.swift in Sources */ = {isa = PBXBuildFile; fileRef = 2739011520F27ACA00348362 /* ApiService.swift */; };
		2796282720F4D3370066A2F7 /* FeedCell.swift in Sources */ = {isa = PBXBuildFile; fileRef = 2796282620F4D3370066A2F7 /* FeedCell.swift */; };
		2796282920F4E27F0066A2F7 /* TrendingCell.swift in Sources */ = {isa = PBXBuildFile; fileRef = 2796282820F4E27F0066A2F7 /* TrendingCell.swift */; };
		2796282B20F4E5A80066A2F7 /* SubscriptionCell.swift in Sources */ = {isa = PBXBuildFile; fileRef = 2796282A20F4E5A80066A2F7 /* SubscriptionCell.swift */; };
		279E6C5F20EB67E700D585E6 /* AppDelegate.swift in Sources */ = {isa = PBXBuildFile; fileRef = 279E6C5E20EB67E700D585E6 /* AppDelegate.swift */; };
		279E6C6120EB67E700D585E6 /* HomeController.swift in Sources */ = {isa = PBXBuildFile; fileRef = 279E6C6020EB67E700D585E6 /* HomeController.swift */; };
		279E6C6420EB67E700D585E6 /* Main.storyboard in Resources */ = {isa = PBXBuildFile; fileRef = 279E6C6220EB67E700D585E6 /* Main.storyboard */; };
		279E6C6920EB67E800D585E6 /* LaunchScreen.storyboard in Resources */ = {isa = PBXBuildFile; fileRef = 279E6C6720EB67E800D585E6 /* LaunchScreen.storyboard */; };
		279E6C7120EB6CD200D585E6 /* VideoCell.swift in Sources */ = {isa = PBXBuildFile; fileRef = 279E6C7020EB6CD200D585E6 /* VideoCell.swift */; };
		279E6C7420EBBBF200D585E6 /* Extentions.swift in Sources */ = {isa = PBXBuildFile; fileRef = 279E6C7320EBBBF200D585E6 /* Extentions.swift */; };
		279E6C7820ECABCF00D585E6 /* MenuBar.swift in Sources */ = {isa = PBXBuildFile; fileRef = 279E6C7720ECABCF00D585E6 /* MenuBar.swift */; };
		279E6C7A20ECD18A00D585E6 /* MenuCell.swift in Sources */ = {isa = PBXBuildFile; fileRef = 279E6C7920ECD18A00D585E6 /* MenuCell.swift */; };
		279E6C7C20ECD1EB00D585E6 /* BaseCell.swift in Sources */ = {isa = PBXBuildFile; fileRef = 279E6C7B20ECD1EB00D585E6 /* BaseCell.swift */; };
/* End PBXBuildFile section */

/* Begin PBXFileReference section */
		2729D42320ECE7C100F0BE4C /* Assets.xcassets */ = {isa = PBXFileReference; lastKnownFileType = folder.assetcatalog; path = Assets.xcassets; sourceTree = "<group>"; };
		2729D42620ECF00200F0BE4C /* Video.swift */ = {isa = PBXFileReference; lastKnownFileType = sourcecode.swift; path = Video.swift; sourceTree = "<group>"; };
		2729D42820ECF48800F0BE4C /* Channel.swift */ = {isa = PBXFileReference; lastKnownFileType = sourcecode.swift; path = Channel.swift; sourceTree = "<group>"; };
		2729D42A20EE3FDB00F0BE4C /* SettingsLauncher.swift */ = {isa = PBXFileReference; lastKnownFileType = sourcecode.swift; path = SettingsLauncher.swift; sourceTree = "<group>"; };
		2739011220EFEED300348362 /* SettingsCell.swift */ = {isa = PBXFileReference; lastKnownFileType = sourcecode.swift; path = SettingsCell.swift; sourceTree = "<group>"; };
		2739011520F27ACA00348362 /* ApiService.swift */ = {isa = PBXFileReference; lastKnownFileType = sourcecode.swift; path = ApiService.swift; sourceTree = "<group>"; };
		2796282620F4D3370066A2F7 /* FeedCell.swift */ = {isa = PBXFileReference; lastKnownFileType = sourcecode.swift; path = FeedCell.swift; sourceTree = "<group>"; };
		2796282820F4E27F0066A2F7 /* TrendingCell.swift */ = {isa = PBXFileReference; lastKnownFileType = sourcecode.swift; path = TrendingCell.swift; sourceTree = "<group>"; };
		2796282A20F4E5A80066A2F7 /* SubscriptionCell.swift */ = {isa = PBXFileReference; lastKnownFileType = sourcecode.swift; path = SubscriptionCell.swift; sourceTree = "<group>"; };
		279E6C5B20EB67E700D585E6 /* youtube.app */ = {isa = PBXFileReference; explicitFileType = wrapper.application; includeInIndex = 0; path = youtube.app; sourceTree = BUILT_PRODUCTS_DIR; };
		279E6C5E20EB67E700D585E6 /* AppDelegate.swift */ = {isa = PBXFileReference; lastKnownFileType = sourcecode.swift; path = AppDelegate.swift; sourceTree = "<group>"; };
		279E6C6020EB67E700D585E6 /* HomeController.swift */ = {isa = PBXFileReference; lastKnownFileType = sourcecode.swift; path = HomeController.swift; sourceTree = "<group>"; };
		279E6C6320EB67E700D585E6 /* Base */ = {isa = PBXFileReference; lastKnownFileType = file.storyboard; name = Base; path = Base.lproj/Main.storyboard; sourceTree = "<group>"; };
		279E6C6820EB67E800D585E6 /* Base */ = {isa = PBXFileReference; lastKnownFileType = file.storyboard; name = Base; path = Base.lproj/LaunchScreen.storyboard; sourceTree = "<group>"; };
		279E6C6A20EB67E800D585E6 /* Info.plist */ = {isa = PBXFileReference; lastKnownFileType = text.plist.xml; path = Info.plist; sourceTree = "<group>"; };
		279E6C7020EB6CD200D585E6 /* VideoCell.swift */ = {isa = PBXFileReference; lastKnownFileType = sourcecode.swift; path = VideoCell.swift; sourceTree = "<group>"; };
		279E6C7320EBBBF200D585E6 /* Extentions.swift */ = {isa = PBXFileReference; lastKnownFileType = sourcecode.swift; path = Extentions.swift; sourceTree = "<group>"; };
		279E6C7720ECABCF00D585E6 /* MenuBar.swift */ = {isa = PBXFileReference; lastKnownFileType = sourcecode.swift; path = MenuBar.swift; sourceTree = "<group>"; };
		279E6C7920ECD18A00D585E6 /* MenuCell.swift */ = {isa = PBXFileReference; lastKnownFileType = sourcecode.swift; path = MenuCell.swift; sourceTree = "<group>"; };
		279E6C7B20ECD1EB00D585E6 /* BaseCell.swift */ = {isa = PBXFileReference; lastKnownFileType = sourcecode.swift; path = BaseCell.swift; sourceTree = "<group>"; };
/* End PBXFileReference section */

/* Begin PBXFrameworksBuildPhase section */
		279E6C5820EB67E700D585E6 /* Frameworks */ = {
			isa = PBXFrameworksBuildPhase;
			buildActionMask = 2147483647;
			files = (
			);
			runOnlyForDeploymentPostprocessing = 0;
		};
/* End PBXFrameworksBuildPhase section */

/* Begin PBXGroup section */
		2729D42520ECEFEF00F0BE4C /* Models */ = {
			isa = PBXGroup;
			children = (
				2729D42620ECF00200F0BE4C /* Video.swift */,
				2729D42820ECF48800F0BE4C /* Channel.swift */,
			);
			path = Models;
			sourceTree = "<group>";
		};
		2739011420F27ABA00348362 /* ApiService */ = {
			isa = PBXGroup;
			children = (
				2739011520F27ACA00348362 /* ApiService.swift */,
			);
			path = ApiService;
			sourceTree = "<group>";
		};
		279E6C5220EB67E700D585E6 = {
			isa = PBXGroup;
			children = (
				279E6C5D20EB67E700D585E6 /* youtube */,
				279E6C5C20EB67E700D585E6 /* Products */,
			);
			sourceTree = "<group>";
		};
		279E6C5C20EB67E700D585E6 /* Products */ = {
			isa = PBXGroup;
			children = (
				279E6C5B20EB67E700D585E6 /* youtube.app */,
			);
			name = Products;
			sourceTree = "<group>";
		};
		279E6C5D20EB67E700D585E6 /* youtube */ = {
			isa = PBXGroup;
			children = (
				2739011420F27ABA00348362 /* ApiService */,
				2729D42520ECEFEF00F0BE4C /* Models */,
				279E6C7620EBBC9A00D585E6 /* Controllers */,
				279E6C7520EBBC6300D585E6 /* Views */,
				279E6C7220EBBBD600D585E6 /* MyHelpers */,
				279E6C5E20EB67E700D585E6 /* AppDelegate.swift */,
				279E6C6220EB67E700D585E6 /* Main.storyboard */,
				279E6C6720EB67E800D585E6 /* LaunchScreen.storyboard */,
				279E6C6A20EB67E800D585E6 /* Info.plist */,
				2729D42320ECE7C100F0BE4C /* Assets.xcassets */,
			);
			path = youtube;
			sourceTree = "<group>";
		};
		279E6C7220EBBBD600D585E6 /* MyHelpers */ = {
			isa = PBXGroup;
			children = (
				279E6C7320EBBBF200D585E6 /* Extentions.swift */,
			);
			path = MyHelpers;
			sourceTree = "<group>";
		};
		279E6C7520EBBC6300D585E6 /* Views */ = {
			isa = PBXGroup;
			children = (
				279E6C7020EB6CD200D585E6 /* VideoCell.swift */,
				279E6C7720ECABCF00D585E6 /* MenuBar.swift */,
				279E6C7920ECD18A00D585E6 /* MenuCell.swift */,
				279E6C7B20ECD1EB00D585E6 /* BaseCell.swift */,
				2739011220EFEED300348362 /* SettingsCell.swift */,
				2796282620F4D3370066A2F7 /* FeedCell.swift */,
				2796282820F4E27F0066A2F7 /* TrendingCell.swift */,
				2796282A20F4E5A80066A2F7 /* SubscriptionCell.swift */,
			);
			path = Views;
			sourceTree = "<group>";
		};
		279E6C7620EBBC9A00D585E6 /* Controllers */ = {
			isa = PBXGroup;
			children = (
				279E6C6020EB67E700D585E6 /* HomeController.swift */,
				2729D42A20EE3FDB00F0BE4C /* SettingsLauncher.swift */,
			);
			path = Controllers;
			sourceTree = "<group>";
		};
/* End PBXGroup section */

/* Begin PBXNativeTarget section */
		279E6C5A20EB67E700D585E6 /* youtube */ = {
			isa = PBXNativeTarget;
			buildConfigurationList = 279E6C6D20EB67E800D585E6 /* Build configuration list for PBXNativeTarget "youtube" */;
			buildPhases = (
				279E6C5720EB67E700D585E6 /* Sources */,
				279E6C5820EB67E700D585E6 /* Frameworks */,
				279E6C5920EB67E700D585E6 /* Resources */,
			);
			buildRules = (
			);
			dependencies = (
			);
			name = youtube;
			productName = youtube;
			productReference = 279E6C5B20EB67E700D585E6 /* youtube.app */;
			productType = "com.apple.product-type.application";
		};
/* End PBXNativeTarget section */

/* Begin PBXProject section */
		279E6C5320EB67E700D585E6 /* Project object */ = {
			isa = PBXProject;
			attributes = {
				LastSwiftUpdateCheck = 0940;
				LastUpgradeCheck = 0940;
				ORGANIZATIONNAME = "Dilyana Yankova";
				TargetAttributes = {
					279E6C5A20EB67E700D585E6 = {
						CreatedOnToolsVersion = 9.4.1;
					};
				};
			};
			buildConfigurationList = 279E6C5620EB67E700D585E6 /* Build configuration list for PBXProject "youtube" */;
			compatibilityVersion = "Xcode 9.3";
			developmentRegion = en;
			hasScannedForEncodings = 0;
			knownRegions = (
				en,
				Base,
			);
			mainGroup = 279E6C5220EB67E700D585E6;
			productRefGroup = 279E6C5C20EB67E700D585E6 /* Products */;
			projectDirPath = "";
			projectRoot = "";
			targets = (
				279E6C5A20EB67E700D585E6 /* youtube */,
			);
		};
/* End PBXProject section */

/* Begin PBXResourcesBuildPhase section */
		279E6C5920EB67E700D585E6 /* Resources */ = {
			isa = PBXResourcesBuildPhase;
			buildActionMask = 2147483647;
			files = (
				279E6C6920EB67E800D585E6 /* LaunchScreen.storyboard in Resources */,
				2729D42420ECE7C100F0BE4C /* Assets.xcassets in Resources */,
				279E6C6420EB67E700D585E6 /* Main.storyboard in Resources */,
			);
			runOnlyForDeploymentPostprocessing = 0;
		};
/* End PBXResourcesBuildPhase section */

/* Begin PBXSourcesBuildPhase section */
		279E6C5720EB67E700D585E6 /* Sources */ = {
			isa = PBXSourcesBuildPhase;
			buildActionMask = 2147483647;
			files = (
				2796282920F4E27F0066A2F7 /* TrendingCell.swift in Sources */,
				279E6C6120EB67E700D585E6 /* HomeController.swift in Sources */,
				2796282720F4D3370066A2F7 /* FeedCell.swift in Sources */,
				279E6C5F20EB67E700D585E6 /* AppDelegate.swift in Sources */,
				2739011620F27ACA00348362 /* ApiService.swift in Sources */,
				279E6C7A20ECD18A00D585E6 /* MenuCell.swift in Sources */,
				279E6C7120EB6CD200D585E6 /* VideoCell.swift in Sources */,
				2796282B20F4E5A80066A2F7 /* SubscriptionCell.swift in Sources */,
				279E6C7C20ECD1EB00D585E6 /* BaseCell.swift in Sources */,
				2729D42720ECF00200F0BE4C /* Video.swift in Sources */,
				279E6C7420EBBBF200D585E6 /* Extentions.swift in Sources */,
				2729D42920ECF48800F0BE4C /* Channel.swift in Sources */,
				2729D42B20EE3FDB00F0BE4C /* SettingsLauncher.swift in Sources */,
				279E6C7820ECABCF00D585E6 /* MenuBar.swift in Sources */,
				2739011320EFEED300348362 /* SettingsCell.swift in Sources */,
			);
			runOnlyForDeploymentPostprocessing = 0;
		};
/* End PBXSourcesBuildPhase section */

/* Begin PBXVariantGroup section */
		279E6C6220EB67E700D585E6 /* Main.storyboard */ = {
			isa = PBXVariantGroup;
			children = (
				279E6C6320EB67E700D585E6 /* Base */,
			);
			name = Main.storyboard;
			sourceTree = "<group>";
		};
		279E6C6720EB67E800D585E6 /* LaunchScreen.storyboard */ = {
			isa = PBXVariantGroup;
			children = (
				279E6C6820EB67E800D585E6 /* Base */,
			);
			name = LaunchScreen.storyboard;
			sourceTree = "<group>";
		};
/* End PBXVariantGroup section */

/* Begin XCBuildConfiguration section */
		279E6C6B20EB67E800D585E6 /* Debug */ = {
			isa = XCBuildConfiguration;
			buildSettings = {
				ALWAYS_SEARCH_USER_PATHS = NO;
				CLANG_ANALYZER_NONNULL = YES;
				CLANG_ANALYZER_NUMBER_OBJECT_CONVERSION = YES_AGGRESSIVE;
				CLANG_CXX_LANGUAGE_STANDARD = "gnu++14";
				CLANG_CXX_LIBRARY = "libc++";
				CLANG_ENABLE_MODULES = YES;
				CLANG_ENABLE_OBJC_ARC = YES;
				CLANG_ENABLE_OBJC_WEAK = YES;
				CLANG_WARN_BLOCK_CAPTURE_AUTORELEASING = YES;
				CLANG_WARN_BOOL_CONVERSION = YES;
				CLANG_WARN_COMMA = YES;
				CLANG_WARN_CONSTANT_CONVERSION = YES;
				CLANG_WARN_DEPRECATED_OBJC_IMPLEMENTATIONS = YES;
				CLANG_WARN_DIRECT_OBJC_ISA_USAGE = YES_ERROR;
				CLANG_WARN_DOCUMENTATION_COMMENTS = YES;
				CLANG_WARN_EMPTY_BODY = YES;
				CLANG_WARN_ENUM_CONVERSION = YES;
				CLANG_WARN_INFINITE_RECURSION = YES;
				CLANG_WARN_INT_CONVERSION = YES;
				CLANG_WARN_NON_LITERAL_NULL_CONVERSION = YES;
				CLANG_WARN_OBJC_IMPLICIT_RETAIN_SELF = YES;
				CLANG_WARN_OBJC_LITERAL_CONVERSION = YES;
				CLANG_WARN_OBJC_ROOT_CLASS = YES_ERROR;
				CLANG_WARN_RANGE_LOOP_ANALYSIS = YES;
				CLANG_WARN_STRICT_PROTOTYPES = YES;
				CLANG_WARN_SUSPICIOUS_MOVE = YES;
				CLANG_WARN_UNGUARDED_AVAILABILITY = YES_AGGRESSIVE;
				CLANG_WARN_UNREACHABLE_CODE = YES;
				CLANG_WARN__DUPLICATE_METHOD_MATCH = YES;
				CODE_SIGN_IDENTITY = "iPhone Developer";
				COPY_PHASE_STRIP = NO;
				DEBUG_INFORMATION_FORMAT = dwarf;
				ENABLE_STRICT_OBJC_MSGSEND = YES;
				ENABLE_TESTABILITY = YES;
				GCC_C_LANGUAGE_STANDARD = gnu11;
				GCC_DYNAMIC_NO_PIC = NO;
				GCC_NO_COMMON_BLOCKS = YES;
				GCC_OPTIMIZATION_LEVEL = 0;
				GCC_PREPROCESSOR_DEFINITIONS = (
					"DEBUG=1",
					"$(inherited)",
				);
				GCC_WARN_64_TO_32_BIT_CONVERSION = YES;
				GCC_WARN_ABOUT_RETURN_TYPE = YES_ERROR;
				GCC_WARN_UNDECLARED_SELECTOR = YES;
				GCC_WARN_UNINITIALIZED_AUTOS = YES_AGGRESSIVE;
				GCC_WARN_UNUSED_FUNCTION = YES;
				GCC_WARN_UNUSED_VARIABLE = YES;
				IPHONEOS_DEPLOYMENT_TARGET = 11.4;
				MTL_ENABLE_DEBUG_INFO = YES;
				ONLY_ACTIVE_ARCH = YES;
				SDKROOT = iphoneos;
				SWIFT_ACTIVE_COMPILATION_CONDITIONS = DEBUG;
				SWIFT_OPTIMIZATION_LEVEL = "-Onone";
			};
			name = Debug;
		};
		279E6C6C20EB67E800D585E6 /* Release */ = {
			isa = XCBuildConfiguration;
			buildSettings = {
				ALWAYS_SEARCH_USER_PATHS = NO;
				CLANG_ANALYZER_NONNULL = YES;
				CLANG_ANALYZER_NUMBER_OBJECT_CONVERSION = YES_AGGRESSIVE;
				CLANG_CXX_LANGUAGE_STANDARD = "gnu++14";
				CLANG_CXX_LIBRARY = "libc++";
				CLANG_ENABLE_MODULES = YES;
				CLANG_ENABLE_OBJC_ARC = YES;
				CLANG_ENABLE_OBJC_WEAK = YES;
				CLANG_WARN_BLOCK_CAPTURE_AUTORELEASING = YES;
				CLANG_WARN_BOOL_CONVERSION = YES;
				CLANG_WARN_COMMA = YES;
				CLANG_WARN_CONSTANT_CONVERSION = YES;
				CLANG_WARN_DEPRECATED_OBJC_IMPLEMENTATIONS = YES;
				CLANG_WARN_DIRECT_OBJC_ISA_USAGE = YES_ERROR;
				CLANG_WARN_DOCUMENTATION_COMMENTS = YES;
				CLANG_WARN_EMPTY_BODY = YES;
				CLANG_WARN_ENUM_CONVERSION = YES;
				CLANG_WARN_INFINITE_RECURSION = YES;
				CLANG_WARN_INT_CONVERSION = YES;
				CLANG_WARN_NON_LITERAL_NULL_CONVERSION = YES;
				CLANG_WARN_OBJC_IMPLICIT_RETAIN_SELF = YES;
				CLANG_WARN_OBJC_LITERAL_CONVERSION = YES;
				CLANG_WARN_OBJC_ROOT_CLASS = YES_ERROR;
				CLANG_WARN_RANGE_LOOP_ANALYSIS = YES;
				CLANG_WARN_STRICT_PROTOTYPES = YES;
				CLANG_WARN_SUSPICIOUS_MOVE = YES;
				CLANG_WARN_UNGUARDED_AVAILABILITY = YES_AGGRESSIVE;
				CLANG_WARN_UNREACHABLE_CODE = YES;
				CLANG_WARN__DUPLICATE_METHOD_MATCH = YES;
				CODE_SIGN_IDENTITY = "iPhone Developer";
				COPY_PHASE_STRIP = NO;
				DEBUG_INFORMATION_FORMAT = "dwarf-with-dsym";
				ENABLE_NS_ASSERTIONS = NO;
				ENABLE_STRICT_OBJC_MSGSEND = YES;
				GCC_C_LANGUAGE_STANDARD = gnu11;
				GCC_NO_COMMON_BLOCKS = YES;
				GCC_WARN_64_TO_32_BIT_CONVERSION = YES;
				GCC_WARN_ABOUT_RETURN_TYPE = YES_ERROR;
				GCC_WARN_UNDECLARED_SELECTOR = YES;
				GCC_WARN_UNINITIALIZED_AUTOS = YES_AGGRESSIVE;
				GCC_WARN_UNUSED_FUNCTION = YES;
				GCC_WARN_UNUSED_VARIABLE = YES;
				IPHONEOS_DEPLOYMENT_TARGET = 11.4;
				MTL_ENABLE_DEBUG_INFO = NO;
				SDKROOT = iphoneos;
				SWIFT_COMPILATION_MODE = wholemodule;
				SWIFT_OPTIMIZATION_LEVEL = "-O";
				VALIDATE_PRODUCT = YES;
			};
			name = Release;
		};
		279E6C6E20EB67E800D585E6 /* Debug */ = {
			isa = XCBuildConfiguration;
			buildSettings = {
				ASSETCATALOG_COMPILER_APPICON_NAME = AppIcon;
				CODE_SIGN_STYLE = Automatic;
				DEVELOPMENT_TEAM = 687S4PY9AG;
				INFOPLIST_FILE = youtube/Info.plist;
				LD_RUNPATH_SEARCH_PATHS = (
					"$(inherited)",
					"@executable_path/Frameworks",
				);
				PRODUCT_BUNDLE_IDENTIFIER = com.dilyanasapps.youtube;
				PRODUCT_NAME = "$(TARGET_NAME)";
				SWIFT_VERSION = 4.0;
				TARGETED_DEVICE_FAMILY = "1,2";
			};
			name = Debug;
		};
		279E6C6F20EB67E800D585E6 /* Release */ = {
			isa = XCBuildConfiguration;
			buildSettings = {
				ASSETCATALOG_COMPILER_APPICON_NAME = AppIcon;
				CODE_SIGN_STYLE = Automatic;
				DEVELOPMENT_TEAM = 687S4PY9AG;
				INFOPLIST_FILE = youtube/Info.plist;
				LD_RUNPATH_SEARCH_PATHS = (
					"$(inherited)",
					"@executable_path/Frameworks",
				);
				PRODUCT_BUNDLE_IDENTIFIER = com.dilyanasapps.youtube;
				PRODUCT_NAME = "$(TARGET_NAME)";
				SWIFT_VERSION = 4.0;
				TARGETED_DEVICE_FAMILY = "1,2";
			};
			name = Release;
		};
/* End XCBuildConfiguration section */

/* Begin XCConfigurationList section */
		279E6C5620EB67E700D585E6 /* Build configuration list for PBXProject "youtube" */ = {
			isa = XCConfigurationList;
			buildConfigurations = (
				279E6C6B20EB67E800D585E6 /* Debug */,
				279E6C6C20EB67E800D585E6 /* Release */,
			);
			defaultConfigurationIsVisible = 0;
			defaultConfigurationName = Release;
		};
		279E6C6D20EB67E800D585E6 /* Build configuration list for PBXNativeTarget "youtube" */ = {
			isa = XCConfigurationList;
			buildConfigurations = (
				279E6C6E20EB67E800D585E6 /* Debug */,
				279E6C6F20EB67E800D585E6 /* Release */,
			);
			defaultConfigurationIsVisible = 0;
			defaultConfigurationName = Release;
		};
/* End XCConfigurationList section */
	};
	rootObject = 279E6C5320EB67E700D585E6 /* Project object */;
}
